// !$*UTF8*$!
{
	archiveVersion = 1;
	classes = {
	};
	objectVersion = 77;
	objects = {

/* Begin PBXBuildFile section */
		CB5CD5F22CAB8943004B7159 /* .gitignore in Resources */ = {isa = PBXBuildFile; fileRef = CB5CD5F12CAB893B004B7159 /* .gitignore */; };
/* End PBXBuildFile section */

/* Begin PBXContainerItemProxy section */
		CB5CD5D52CAB8871004B7159 /* PBXContainerItemProxy */ = {
			isa = PBXContainerItemProxy;
			containerPortal = CB5CD5BB2CAB8870004B7159 /* Project object */;
			proxyType = 1;
			remoteGlobalIDString = CB5CD5C22CAB8870004B7159;
			remoteInfo = PublicIPMenuBar;
		};
		CB5CD5DF2CAB8871004B7159 /* PBXContainerItemProxy */ = {
			isa = PBXContainerItemProxy;
			containerPortal = CB5CD5BB2CAB8870004B7159 /* Project object */;
			proxyType = 1;
			remoteGlobalIDString = CB5CD5C22CAB8870004B7159;
			remoteInfo = PublicIPMenuBar;
		};
/* End PBXContainerItemProxy section */

/* Begin PBXFileReference section */
		CB5CD5C32CAB8870004B7159 /* PublicIPMenuBar.app */ = {isa = PBXFileReference; explicitFileType = wrapper.application; includeInIndex = 0; path = PublicIPMenuBar.app; sourceTree = BUILT_PRODUCTS_DIR; };
		CB5CD5D42CAB8871004B7159 /* PublicIPMenuBarTests.xctest */ = {isa = PBXFileReference; explicitFileType = wrapper.cfbundle; includeInIndex = 0; path = PublicIPMenuBarTests.xctest; sourceTree = BUILT_PRODUCTS_DIR; };
		CB5CD5DE2CAB8871004B7159 /* PublicIPMenuBarUITests.xctest */ = {isa = PBXFileReference; explicitFileType = wrapper.cfbundle; includeInIndex = 0; path = PublicIPMenuBarUITests.xctest; sourceTree = BUILT_PRODUCTS_DIR; };
		CB5CD5F12CAB893B004B7159 /* .gitignore */ = {isa = PBXFileReference; lastKnownFileType = text; path = .gitignore; sourceTree = "<group>"; };
/* End PBXFileReference section */

/* Begin PBXFileSystemSynchronizedRootGroup section */
		CB5CD5C52CAB8870004B7159 /* PublicIPMenuBar */ = {
			isa = PBXFileSystemSynchronizedRootGroup;
			path = PublicIPMenuBar;
			sourceTree = "<group>";
		};
		CB5CD5D72CAB8871004B7159 /* PublicIPMenuBarTests */ = {
			isa = PBXFileSystemSynchronizedRootGroup;
			path = PublicIPMenuBarTests;
			sourceTree = "<group>";
		};
		CB5CD5E12CAB8871004B7159 /* PublicIPMenuBarUITests */ = {
			isa = PBXFileSystemSynchronizedRootGroup;
			path = PublicIPMenuBarUITests;
			sourceTree = "<group>";
		};
/* End PBXFileSystemSynchronizedRootGroup section */

/* Begin PBXFrameworksBuildPhase section */
		CB5CD5C02CAB8870004B7159 /* Frameworks */ = {
			isa = PBXFrameworksBuildPhase;
			buildActionMask = 2147483647;
			files = (
			);
			runOnlyForDeploymentPostprocessing = 0;
		};
		CB5CD5D12CAB8871004B7159 /* Frameworks */ = {
			isa = PBXFrameworksBuildPhase;
			buildActionMask = 2147483647;
			files = (
			);
			runOnlyForDeploymentPostprocessing = 0;
		};
		CB5CD5DB2CAB8871004B7159 /* Frameworks */ = {
			isa = PBXFrameworksBuildPhase;
			buildActionMask = 2147483647;
			files = (
			);
			runOnlyForDeploymentPostprocessing = 0;
		};
/* End PBXFrameworksBuildPhase section */

/* Begin PBXGroup section */
		CB5CD5BA2CAB8870004B7159 = {
			isa = PBXGroup;
			children = (
				CB5CD5F12CAB893B004B7159 /* .gitignore */,
				CB5CD5C52CAB8870004B7159 /* PublicIPMenuBar */,
				CB5CD5D72CAB8871004B7159 /* PublicIPMenuBarTests */,
				CB5CD5E12CAB8871004B7159 /* PublicIPMenuBarUITests */,
				CB5CD5C42CAB8870004B7159 /* Products */,
			);
			sourceTree = "<group>";
		};
		CB5CD5C42CAB8870004B7159 /* Products */ = {
			isa = PBXGroup;
			children = (
				CB5CD5C32CAB8870004B7159 /* PublicIPMenuBar.app */,
				CB5CD5D42CAB8871004B7159 /* PublicIPMenuBarTests.xctest */,
				CB5CD5DE2CAB8871004B7159 /* PublicIPMenuBarUITests.xctest */,
			);
			name = Products;
			sourceTree = "<group>";
		};
/* End PBXGroup section */

/* Begin PBXNativeTarget section */
		CB5CD5C22CAB8870004B7159 /* PublicIPMenuBar */ = {
			isa = PBXNativeTarget;
			buildConfigurationList = CB5CD5E82CAB8871004B7159 /* Build configuration list for PBXNativeTarget "PublicIPMenuBar" */;
			buildPhases = (
				CB5CD5BF2CAB8870004B7159 /* Sources */,
				CB5CD5C02CAB8870004B7159 /* Frameworks */,
				CB5CD5C12CAB8870004B7159 /* Resources */,
			);
			buildRules = (
			);
			dependencies = (
			);
			fileSystemSynchronizedGroups = (
				CB5CD5C52CAB8870004B7159 /* PublicIPMenuBar */,
			);
			name = PublicIPMenuBar;
			packageProductDependencies = (
			);
			productName = PublicIPMenuBar;
			productReference = CB5CD5C32CAB8870004B7159 /* PublicIPMenuBar.app */;
			productType = "com.apple.product-type.application";
		};
		CB5CD5D32CAB8871004B7159 /* PublicIPMenuBarTests */ = {
			isa = PBXNativeTarget;
			buildConfigurationList = CB5CD5EB2CAB8871004B7159 /* Build configuration list for PBXNativeTarget "PublicIPMenuBarTests" */;
			buildPhases = (
				CB5CD5D02CAB8871004B7159 /* Sources */,
				CB5CD5D12CAB8871004B7159 /* Frameworks */,
				CB5CD5D22CAB8871004B7159 /* Resources */,
			);
			buildRules = (
			);
			dependencies = (
				CB5CD5D62CAB8871004B7159 /* PBXTargetDependency */,
			);
			fileSystemSynchronizedGroups = (
				CB5CD5D72CAB8871004B7159 /* PublicIPMenuBarTests */,
			);
			name = PublicIPMenuBarTests;
			packageProductDependencies = (
			);
			productName = PublicIPMenuBarTests;
			productReference = CB5CD5D42CAB8871004B7159 /* PublicIPMenuBarTests.xctest */;
			productType = "com.apple.product-type.bundle.unit-test";
		};
		CB5CD5DD2CAB8871004B7159 /* PublicIPMenuBarUITests */ = {
			isa = PBXNativeTarget;
			buildConfigurationList = CB5CD5EE2CAB8871004B7159 /* Build configuration list for PBXNativeTarget "PublicIPMenuBarUITests" */;
			buildPhases = (
				CB5CD5DA2CAB8871004B7159 /* Sources */,
				CB5CD5DB2CAB8871004B7159 /* Frameworks */,
				CB5CD5DC2CAB8871004B7159 /* Resources */,
			);
			buildRules = (
			);
			dependencies = (
				CB5CD5E02CAB8871004B7159 /* PBXTargetDependency */,
			);
			fileSystemSynchronizedGroups = (
				CB5CD5E12CAB8871004B7159 /* PublicIPMenuBarUITests */,
			);
			name = PublicIPMenuBarUITests;
			packageProductDependencies = (
			);
			productName = PublicIPMenuBarUITests;
			productReference = CB5CD5DE2CAB8871004B7159 /* PublicIPMenuBarUITests.xctest */;
			productType = "com.apple.product-type.bundle.ui-testing";
		};
/* End PBXNativeTarget section */

/* Begin PBXProject section */
		CB5CD5BB2CAB8870004B7159 /* Project object */ = {
			isa = PBXProject;
			attributes = {
				BuildIndependentTargetsInParallel = 1;
				LastSwiftUpdateCheck = 1600;
				LastUpgradeCheck = 1600;
				TargetAttributes = {
					CB5CD5C22CAB8870004B7159 = {
						CreatedOnToolsVersion = 16.0;
					};
					CB5CD5D32CAB8871004B7159 = {
						CreatedOnToolsVersion = 16.0;
						TestTargetID = CB5CD5C22CAB8870004B7159;
					};
					CB5CD5DD2CAB8871004B7159 = {
						CreatedOnToolsVersion = 16.0;
						TestTargetID = CB5CD5C22CAB8870004B7159;
					};
				};
			};
			buildConfigurationList = CB5CD5BE2CAB8870004B7159 /* Build configuration list for PBXProject "PublicIPMenuBar" */;
			developmentRegion = en;
			hasScannedForEncodings = 0;
			knownRegions = (
				en,
				Base,
			);
			mainGroup = CB5CD5BA2CAB8870004B7159;
			minimizedProjectReferenceProxies = 1;
			preferredProjectObjectVersion = 77;
			productRefGroup = CB5CD5C42CAB8870004B7159 /* Products */;
			projectDirPath = "";
			projectRoot = "";
			targets = (
				CB5CD5C22CAB8870004B7159 /* PublicIPMenuBar */,
				CB5CD5D32CAB8871004B7159 /* PublicIPMenuBarTests */,
				CB5CD5DD2CAB8871004B7159 /* PublicIPMenuBarUITests */,
			);
		};
/* End PBXProject section */

/* Begin PBXResourcesBuildPhase section */
		CB5CD5C12CAB8870004B7159 /* Resources */ = {
			isa = PBXResourcesBuildPhase;
			buildActionMask = 2147483647;
			files = (
				CB5CD5F22CAB8943004B7159 /* .gitignore in Resources */,
			);
			runOnlyForDeploymentPostprocessing = 0;
		};
		CB5CD5D22CAB8871004B7159 /* Resources */ = {
			isa = PBXResourcesBuildPhase;
			buildActionMask = 2147483647;
			files = (
			);
			runOnlyForDeploymentPostprocessing = 0;
		};
		CB5CD5DC2CAB8871004B7159 /* Resources */ = {
			isa = PBXResourcesBuildPhase;
			buildActionMask = 2147483647;
			files = (
			);
			runOnlyForDeploymentPostprocessing = 0;
		};
/* End PBXResourcesBuildPhase section */

/* Begin PBXSourcesBuildPhase section */
		CB5CD5BF2CAB8870004B7159 /* Sources */ = {
			isa = PBXSourcesBuildPhase;
			buildActionMask = 2147483647;
			files = (
			);
			runOnlyForDeploymentPostprocessing = 0;
		};
		CB5CD5D02CAB8871004B7159 /* Sources */ = {
			isa = PBXSourcesBuildPhase;
			buildActionMask = 2147483647;
			files = (
			);
			runOnlyForDeploymentPostprocessing = 0;
		};
		CB5CD5DA2CAB8871004B7159 /* Sources */ = {
			isa = PBXSourcesBuildPhase;
			buildActionMask = 2147483647;
			files = (
			);
			runOnlyForDeploymentPostprocessing = 0;
		};
/* End PBXSourcesBuildPhase section */

/* Begin PBXTargetDependency section */
		CB5CD5D62CAB8871004B7159 /* PBXTargetDependency */ = {
			isa = PBXTargetDependency;
			target = CB5CD5C22CAB8870004B7159 /* PublicIPMenuBar */;
			targetProxy = CB5CD5D52CAB8871004B7159 /* PBXContainerItemProxy */;
		};
		CB5CD5E02CAB8871004B7159 /* PBXTargetDependency */ = {
			isa = PBXTargetDependency;
			target = CB5CD5C22CAB8870004B7159 /* PublicIPMenuBar */;
			targetProxy = CB5CD5DF2CAB8871004B7159 /* PBXContainerItemProxy */;
		};
/* End PBXTargetDependency section */

/* Begin XCBuildConfiguration section */
		CB5CD5E62CAB8871004B7159 /* Debug */ = {
			isa = XCBuildConfiguration;
			buildSettings = {
				ALWAYS_SEARCH_USER_PATHS = NO;
				ASSETCATALOG_COMPILER_GENERATE_SWIFT_ASSET_SYMBOL_EXTENSIONS = YES;
				CLANG_ANALYZER_NONNULL = YES;
				CLANG_ANALYZER_NUMBER_OBJECT_CONVERSION = YES_AGGRESSIVE;
				CLANG_CXX_LANGUAGE_STANDARD = "gnu++20";
				CLANG_ENABLE_MODULES = YES;
				CLANG_ENABLE_OBJC_ARC = YES;
				CLANG_ENABLE_OBJC_WEAK = YES;
				CLANG_WARN_BLOCK_CAPTURE_AUTORELEASING = YES;
				CLANG_WARN_BOOL_CONVERSION = YES;
				CLANG_WARN_COMMA = YES;
				CLANG_WARN_CONSTANT_CONVERSION = YES;
				CLANG_WARN_DEPRECATED_OBJC_IMPLEMENTATIONS = YES;
				CLANG_WARN_DIRECT_OBJC_ISA_USAGE = YES_ERROR;
				CLANG_WARN_DOCUMENTATION_COMMENTS = YES;
				CLANG_WARN_EMPTY_BODY = YES;
				CLANG_WARN_ENUM_CONVERSION = YES;
				CLANG_WARN_INFINITE_RECURSION = YES;
				CLANG_WARN_INT_CONVERSION = YES;
				CLANG_WARN_NON_LITERAL_NULL_CONVERSION = YES;
				CLANG_WARN_OBJC_IMPLICIT_RETAIN_SELF = YES;
				CLANG_WARN_OBJC_LITERAL_CONVERSION = YES;
				CLANG_WARN_OBJC_ROOT_CLASS = YES_ERROR;
				CLANG_WARN_QUOTED_INCLUDE_IN_FRAMEWORK_HEADER = YES;
				CLANG_WARN_RANGE_LOOP_ANALYSIS = YES;
				CLANG_WARN_STRICT_PROTOTYPES = YES;
				CLANG_WARN_SUSPICIOUS_MOVE = YES;
				CLANG_WARN_UNGUARDED_AVAILABILITY = YES_AGGRESSIVE;
				CLANG_WARN_UNREACHABLE_CODE = YES;
				CLANG_WARN__DUPLICATE_METHOD_MATCH = YES;
				COPY_PHASE_STRIP = NO;
				DEBUG_INFORMATION_FORMAT = dwarf;
				ENABLE_STRICT_OBJC_MSGSEND = YES;
				ENABLE_TESTABILITY = YES;
				ENABLE_USER_SCRIPT_SANDBOXING = YES;
				GCC_C_LANGUAGE_STANDARD = gnu17;
				GCC_DYNAMIC_NO_PIC = NO;
				GCC_NO_COMMON_BLOCKS = YES;
				GCC_OPTIMIZATION_LEVEL = 0;
				GCC_PREPROCESSOR_DEFINITIONS = (
					"DEBUG=1",
					"$(inherited)",
				);
				GCC_WARN_64_TO_32_BIT_CONVERSION = YES;
				GCC_WARN_ABOUT_RETURN_TYPE = YES_ERROR;
				GCC_WARN_UNDECLARED_SELECTOR = YES;
				GCC_WARN_UNINITIALIZED_AUTOS = YES_AGGRESSIVE;
				GCC_WARN_UNUSED_FUNCTION = YES;
				GCC_WARN_UNUSED_VARIABLE = YES;
				LOCALIZATION_PREFERS_STRING_CATALOGS = YES;
				MACOSX_DEPLOYMENT_TARGET = 14.6;
				MTL_ENABLE_DEBUG_INFO = INCLUDE_SOURCE;
				MTL_FAST_MATH = YES;
				ONLY_ACTIVE_ARCH = YES;
				SDKROOT = macosx;
				SWIFT_ACTIVE_COMPILATION_CONDITIONS = "DEBUG $(inherited)";
				SWIFT_OPTIMIZATION_LEVEL = "-Onone";
			};
			name = Debug;
		};
		CB5CD5E72CAB8871004B7159 /* Release */ = {
			isa = XCBuildConfiguration;
			buildSettings = {
				ALWAYS_SEARCH_USER_PATHS = NO;
				ASSETCATALOG_COMPILER_GENERATE_SWIFT_ASSET_SYMBOL_EXTENSIONS = YES;
				CLANG_ANALYZER_NONNULL = YES;
				CLANG_ANALYZER_NUMBER_OBJECT_CONVERSION = YES_AGGRESSIVE;
				CLANG_CXX_LANGUAGE_STANDARD = "gnu++20";
				CLANG_ENABLE_MODULES = YES;
				CLANG_ENABLE_OBJC_ARC = YES;
				CLANG_ENABLE_OBJC_WEAK = YES;
				CLANG_WARN_BLOCK_CAPTURE_AUTORELEASING = YES;
				CLANG_WARN_BOOL_CONVERSION = YES;
				CLANG_WARN_COMMA = YES;
				CLANG_WARN_CONSTANT_CONVERSION = YES;
				CLANG_WARN_DEPRECATED_OBJC_IMPLEMENTATIONS = YES;
				CLANG_WARN_DIRECT_OBJC_ISA_USAGE = YES_ERROR;
				CLANG_WARN_DOCUMENTATION_COMMENTS = YES;
				CLANG_WARN_EMPTY_BODY = YES;
				CLANG_WARN_ENUM_CONVERSION = YES;
				CLANG_WARN_INFINITE_RECURSION = YES;
				CLANG_WARN_INT_CONVERSION = YES;
				CLANG_WARN_NON_LITERAL_NULL_CONVERSION = YES;
				CLANG_WARN_OBJC_IMPLICIT_RETAIN_SELF = YES;
				CLANG_WARN_OBJC_LITERAL_CONVERSION = YES;
				CLANG_WARN_OBJC_ROOT_CLASS = YES_ERROR;
				CLANG_WARN_QUOTED_INCLUDE_IN_FRAMEWORK_HEADER = YES;
				CLANG_WARN_RANGE_LOOP_ANALYSIS = YES;
				CLANG_WARN_STRICT_PROTOTYPES = YES;
				CLANG_WARN_SUSPICIOUS_MOVE = YES;
				CLANG_WARN_UNGUARDED_AVAILABILITY = YES_AGGRESSIVE;
				CLANG_WARN_UNREACHABLE_CODE = YES;
				CLANG_WARN__DUPLICATE_METHOD_MATCH = YES;
				COPY_PHASE_STRIP = NO;
				DEBUG_INFORMATION_FORMAT = "dwarf-with-dsym";
				ENABLE_NS_ASSERTIONS = NO;
				ENABLE_STRICT_OBJC_MSGSEND = YES;
				ENABLE_USER_SCRIPT_SANDBOXING = YES;
				GCC_C_LANGUAGE_STANDARD = gnu17;
				GCC_NO_COMMON_BLOCKS = YES;
				GCC_WARN_64_TO_32_BIT_CONVERSION = YES;
				GCC_WARN_ABOUT_RETURN_TYPE = YES_ERROR;
				GCC_WARN_UNDECLARED_SELECTOR = YES;
				GCC_WARN_UNINITIALIZED_AUTOS = YES_AGGRESSIVE;
				GCC_WARN_UNUSED_FUNCTION = YES;
				GCC_WARN_UNUSED_VARIABLE = YES;
				LOCALIZATION_PREFERS_STRING_CATALOGS = YES;
				MACOSX_DEPLOYMENT_TARGET = 14.6;
				MTL_ENABLE_DEBUG_INFO = NO;
				MTL_FAST_MATH = YES;
				SDKROOT = macosx;
				SWIFT_COMPILATION_MODE = wholemodule;
			};
			name = Release;
		};
		CB5CD5E92CAB8871004B7159 /* Debug */ = {
			isa = XCBuildConfiguration;
			buildSettings = {
				ASSETCATALOG_COMPILER_APPICON_NAME = AppIcon;
				ASSETCATALOG_COMPILER_GLOBAL_ACCENT_COLOR_NAME = AccentColor;
				CODE_SIGN_ENTITLEMENTS = PublicIPMenuBar/PublicIPMenuBar.entitlements;
				CODE_SIGN_STYLE = Automatic;
				COMBINE_HIDPI_IMAGES = YES;
				CURRENT_PROJECT_VERSION = 1;
				DEVELOPMENT_ASSET_PATHS = "\"PublicIPMenuBar/Preview Content\"";
				DEVELOPMENT_TEAM = 475C5B2HTB;
				ENABLE_HARDENED_RUNTIME = YES;
				ENABLE_PREVIEWS = YES;
				GENERATE_INFOPLIST_FILE = YES;
				INFOPLIST_KEY_LSUIElement = YES;
				INFOPLIST_KEY_NSHumanReadableCopyright = "";
				LD_RUNPATH_SEARCH_PATHS = (
					"$(inherited)",
					"@executable_path/../Frameworks",
				);
				MARKETING_VERSION = 1.0;
				PRODUCT_BUNDLE_IDENTIFIER = com.jw.PublicIPMenuBar;
				PRODUCT_NAME = "$(TARGET_NAME)";
				SWIFT_EMIT_LOC_STRINGS = YES;
				SWIFT_VERSION = 5.0;
			};
			name = Debug;
		};
		CB5CD5EA2CAB8871004B7159 /* Release */ = {
			isa = XCBuildConfiguration;
			buildSettings = {
				ASSETCATALOG_COMPILER_APPICON_NAME = AppIcon;
				ASSETCATALOG_COMPILER_GLOBAL_ACCENT_COLOR_NAME = AccentColor;
				CODE_SIGN_ENTITLEMENTS = PublicIPMenuBar/PublicIPMenuBar.entitlements;
				CODE_SIGN_STYLE = Automatic;
				COMBINE_HIDPI_IMAGES = YES;
				CURRENT_PROJECT_VERSION = 1;
				DEVELOPMENT_ASSET_PATHS = "\"PublicIPMenuBar/Preview Content\"";
				DEVELOPMENT_TEAM = 475C5B2HTB;
				ENABLE_HARDENED_RUNTIME = YES;
				ENABLE_PREVIEWS = YES;
				GENERATE_INFOPLIST_FILE = YES;
				INFOPLIST_KEY_LSUIElement = YES;
				INFOPLIST_KEY_NSHumanReadableCopyright = "";
				LD_RUNPATH_SEARCH_PATHS = (
					"$(inherited)",
					"@executable_path/../Frameworks",
				);
				MARKETING_VERSION = 1.0;
				PRODUCT_BUNDLE_IDENTIFIER = com.jw.PublicIPMenuBar;
				PRODUCT_NAME = "$(TARGET_NAME)";
				SWIFT_EMIT_LOC_STRINGS = YES;
				SWIFT_VERSION = 5.0;
			};
			name = Release;
		};
		CB5CD5EC2CAB8871004B7159 /* Debug */ = {
			isa = XCBuildConfiguration;
			buildSettings = {
				BUNDLE_LOADER = "$(TEST_HOST)";
				CODE_SIGN_STYLE = Automatic;
				CURRENT_PROJECT_VERSION = 1;
				DEVELOPMENT_TEAM = 475C5B2HTB;
				GENERATE_INFOPLIST_FILE = YES;
				MACOSX_DEPLOYMENT_TARGET = 14.6;
				MARKETING_VERSION = 1.0;
				PRODUCT_BUNDLE_IDENTIFIER = com.jw.PublicIPMenuBarTests;
				PRODUCT_NAME = "$(TARGET_NAME)";
				SWIFT_EMIT_LOC_STRINGS = NO;
				SWIFT_VERSION = 5.0;
				TEST_HOST = "$(BUILT_PRODUCTS_DIR)/PublicIPMenuBar.app/$(BUNDLE_EXECUTABLE_FOLDER_PATH)/PublicIPMenuBar";
			};
			name = Debug;
		};
		CB5CD5ED2CAB8871004B7159 /* Release */ = {
			isa = XCBuildConfiguration;
			buildSettings = {
				BUNDLE_LOADER = "$(TEST_HOST)";
				CODE_SIGN_STYLE = Automatic;
				CURRENT_PROJECT_VERSION = 1;
				DEVELOPMENT_TEAM = 475C5B2HTB;
				GENERATE_INFOPLIST_FILE = YES;
				MACOSX_DEPLOYMENT_TARGET = 14.6;
				MARKETING_VERSION = 1.0;
				PRODUCT_BUNDLE_IDENTIFIER = com.jw.PublicIPMenuBarTests;
				PRODUCT_NAME = "$(TARGET_NAME)";
				SWIFT_EMIT_LOC_STRINGS = NO;
				SWIFT_VERSION = 5.0;
				TEST_HOST = "$(BUILT_PRODUCTS_DIR)/PublicIPMenuBar.app/$(BUNDLE_EXECUTABLE_FOLDER_PATH)/PublicIPMenuBar";
			};
			name = Release;
		};
		CB5CD5EF2CAB8871004B7159 /* Debug */ = {
			isa = XCBuildConfiguration;
			buildSettings = {
				CODE_SIGN_STYLE = Automatic;
				CURRENT_PROJECT_VERSION = 1;
				DEVELOPMENT_TEAM = 475C5B2HTB;
				GENERATE_INFOPLIST_FILE = YES;
				MARKETING_VERSION = 1.0;
				PRODUCT_BUNDLE_IDENTIFIER = com.jw.PublicIPMenuBarUITests;
				PRODUCT_NAME = "$(TARGET_NAME)";
				SWIFT_EMIT_LOC_STRINGS = NO;
				SWIFT_VERSION = 5.0;
				TEST_TARGET_NAME = PublicIPMenuBar;
			};
			name = Debug;
		};
		CB5CD5F02CAB8871004B7159 /* Release */ = {
			isa = XCBuildConfiguration;
			buildSettings = {
				CODE_SIGN_STYLE = Automatic;
				CURRENT_PROJECT_VERSION = 1;
				DEVELOPMENT_TEAM = 475C5B2HTB;
				GENERATE_INFOPLIST_FILE = YES;
				MARKETING_VERSION = 1.0;
				PRODUCT_BUNDLE_IDENTIFIER = com.jw.PublicIPMenuBarUITests;
				PRODUCT_NAME = "$(TARGET_NAME)";
				SWIFT_EMIT_LOC_STRINGS = NO;
				SWIFT_VERSION = 5.0;
				TEST_TARGET_NAME = PublicIPMenuBar;
			};
			name = Release;
		};
/* End XCBuildConfiguration section */

/* Begin XCConfigurationList section */
		CB5CD5BE2CAB8870004B7159 /* Build configuration list for PBXProject "PublicIPMenuBar" */ = {
			isa = XCConfigurationList;
			buildConfigurations = (
				CB5CD5E62CAB8871004B7159 /* Debug */,
				CB5CD5E72CAB8871004B7159 /* Release */,
			);
			defaultConfigurationIsVisible = 0;
			defaultConfigurationName = Release;
		};
		CB5CD5E82CAB8871004B7159 /* Build configuration list for PBXNativeTarget "PublicIPMenuBar" */ = {
			isa = XCConfigurationList;
			buildConfigurations = (
				CB5CD5E92CAB8871004B7159 /* Debug */,
				CB5CD5EA2CAB8871004B7159 /* Release */,
			);
			defaultConfigurationIsVisible = 0;
			defaultConfigurationName = Release;
		};
		CB5CD5EB2CAB8871004B7159 /* Build configuration list for PBXNativeTarget "PublicIPMenuBarTests" */ = {
			isa = XCConfigurationList;
			buildConfigurations = (
				CB5CD5EC2CAB8871004B7159 /* Debug */,
				CB5CD5ED2CAB8871004B7159 /* Release */,
			);
			defaultConfigurationIsVisible = 0;
			defaultConfigurationName = Release;
		};
		CB5CD5EE2CAB8871004B7159 /* Build configuration list for PBXNativeTarget "PublicIPMenuBarUITests" */ = {
			isa = XCConfigurationList;
			buildConfigurations = (
				CB5CD5EF2CAB8871004B7159 /* Debug */,
				CB5CD5F02CAB8871004B7159 /* Release */,
			);
			defaultConfigurationIsVisible = 0;
			defaultConfigurationName = Release;
		};
/* End XCConfigurationList section */
	};
	rootObject = CB5CD5BB2CAB8870004B7159 /* Project object */;
}
